
Microsoft Visual Studio Solution File, Format Version 12.00
# Visual Studio 15
VisualStudioVersion = 15.0.26730.3
MinimumVisualStudioVersion = 10.0.40219.1
Project("{FAE04EC0-301F-11D3-BF4B-00C04F79EFBC}") = "BPO.WebApi", "BPO.WebApi\BPO.WebApi.csproj", "{8D4D7151-1C14-49CF-85BB-39D5E87CEACB}"
EndProject
Global
	GlobalSection(SolutionConfigurationPlatforms) = preSolution
		Debug|Any CPU = Debug|Any CPU
		Release|Any CPU = Release|Any CPU
	EndGlobalSection
	GlobalSection(ProjectConfigurationPlatforms) = postSolution
		{8D4D7151-1C14-49CF-85BB-39D5E87CEACB}.Debug|Any CPU.ActiveCfg = Debug|Any CPU
		{8D4D7151-1C14-49CF-85BB-39D5E87CEACB}.Debug|Any CPU.Build.0 = Debug|Any CPU
		{8D4D7151-1C14-49CF-85BB-39D5E87CEACB}.Release|Any CPU.ActiveCfg = Release|Any CPU
		{8D4D7151-1C14-49CF-85BB-39D5E87CEACB}.Release|Any CPU.Build.0 = Release|Any CPU
	EndGlobalSection
	GlobalSection(SolutionProperties) = preSolution
		HideSolutionNode = FALSE
	EndGlobalSection
	GlobalSection(ExtensibilityGlobals) = postSolution
		SolutionGuid = {0BC1EFFA-2BA3-4ADE-965C-087EDB9E4527}
	EndGlobalSection
EndGlobal
